
Microsoft Visual Studio Solution File, Format Version 12.00
# Visual Studio Version 16
VisualStudioVersion = 16.0.31702.278
MinimumVisualStudioVersion = 10.0.40219.1
Project("{FAE04EC0-301F-11D3-BF4B-00C04F79EFBC}") = "DemoBFF", "DemoBFF\DemoBFF.csproj", "{771C2C4B-A189-46BE-8327-77633FCB269C}"
EndProject
Global
	GlobalSection(SolutionConfigurationPlatforms) = preSolution
		Debug|Any CPU = Debug|Any CPU
		Release|Any CPU = Release|Any CPU
	EndGlobalSection
	GlobalSection(ProjectConfigurationPlatforms) = postSolution
		{771C2C4B-A189-46BE-8327-77633FCB269C}.Debug|Any CPU.ActiveCfg = Debug|Any CPU
		{771C2C4B-A189-46BE-8327-77633FCB269C}.Debug|Any CPU.Build.0 = Debug|Any CPU
		{771C2C4B-A189-46BE-8327-77633FCB269C}.Release|Any CPU.ActiveCfg = Release|Any CPU
		{771C2C4B-A189-46BE-8327-77633FCB269C}.Release|Any CPU.Build.0 = Release|Any CPU
	EndGlobalSection
	GlobalSection(SolutionProperties) = preSolution
		HideSolutionNode = FALSE
	EndGlobalSection
	GlobalSection(ExtensibilityGlobals) = postSolution
		SolutionGuid = {0A759A59-D863-4316-A04D-B36C3DAE7896}
	EndGlobalSection
EndGlobal
